
Microsoft Visual Studio Solution File, Format Version 12.00
# Visual Studio Version 16
VisualStudioVersion = 16.0.29613.14
MinimumVisualStudioVersion = 10.0.40219.1
Project("{FAE04EC0-301F-11D3-BF4B-00C04F79EFBC}") = "CompraRapida.Dominio", "CompraRapida.Dominio\CompraRapida.Dominio.csproj", "{4406B7AB-6F63-4D7A-88DE-0C1DF0493216}"
EndProject
Project("{FAE04EC0-301F-11D3-BF4B-00C04F79EFBC}") = "CompraRapida.Repositorio", "CompraRapida.Repositorio\CompraRapida.Repositorio.csproj", "{234F2FE3-BBCD-4049-9F43-2A72DE5453CF}"
EndProject
Project("{FAE04EC0-301F-11D3-BF4B-00C04F79EFBC}") = "CompraRapida.Web", "CompraRapida.Web\CompraRapida.Web.csproj", "{96EE1DC1-E754-4435-82D2-932367DF4BDE}"
EndProject
Global
	GlobalSection(SolutionConfigurationPlatforms) = preSolution
		Debug|Any CPU = Debug|Any CPU
		Release|Any CPU = Release|Any CPU
	EndGlobalSection
	GlobalSection(ProjectConfigurationPlatforms) = postSolution
		{4406B7AB-6F63-4D7A-88DE-0C1DF0493216}.Debug|Any CPU.ActiveCfg = Debug|Any CPU
		{4406B7AB-6F63-4D7A-88DE-0C1DF0493216}.Debug|Any CPU.Build.0 = Debug|Any CPU
		{4406B7AB-6F63-4D7A-88DE-0C1DF0493216}.Release|Any CPU.ActiveCfg = Release|Any CPU
		{4406B7AB-6F63-4D7A-88DE-0C1DF0493216}.Release|Any CPU.Build.0 = Release|Any CPU
		{234F2FE3-BBCD-4049-9F43-2A72DE5453CF}.Debug|Any CPU.ActiveCfg = Debug|Any CPU
		{234F2FE3-BBCD-4049-9F43-2A72DE5453CF}.Debug|Any CPU.Build.0 = Debug|Any CPU
		{234F2FE3-BBCD-4049-9F43-2A72DE5453CF}.Release|Any CPU.ActiveCfg = Release|Any CPU
		{234F2FE3-BBCD-4049-9F43-2A72DE5453CF}.Release|Any CPU.Build.0 = Release|Any CPU
		{96EE1DC1-E754-4435-82D2-932367DF4BDE}.Debug|Any CPU.ActiveCfg = Debug|Any CPU
		{96EE1DC1-E754-4435-82D2-932367DF4BDE}.Debug|Any CPU.Build.0 = Debug|Any CPU
		{96EE1DC1-E754-4435-82D2-932367DF4BDE}.Release|Any CPU.ActiveCfg = Release|Any CPU
		{96EE1DC1-E754-4435-82D2-932367DF4BDE}.Release|Any CPU.Build.0 = Release|Any CPU
	EndGlobalSection
	GlobalSection(SolutionProperties) = preSolution
		HideSolutionNode = FALSE
	EndGlobalSection
	GlobalSection(ExtensibilityGlobals) = postSolution
		SolutionGuid = {58CD1703-0B77-4466-A1F0-6E45453B4683}
	EndGlobalSection
EndGlobal
